
Microsoft Visual Studio Solution File, Format Version 12.00
# Visual Studio Version 16
VisualStudioVersion = 16.0.32002.261
MinimumVisualStudioVersion = 10.0.40219.1
Project("{FAE04EC0-301F-11D3-BF4B-00C04F79EFBC}") = "NotMappedCheck", "NotMappedCheck.csproj", "{FC706202-1F99-4643-8092-DDC2D743CFB2}"
EndProject
Project("{FAE04EC0-301F-11D3-BF4B-00C04F79EFBC}") = "ClassLibrary1", "..\ClassLibrary1\ClassLibrary1.csproj", "{A508A728-5BBF-4AF5-A60E-791E6F223484}"
EndProject
Global
	GlobalSection(SolutionConfigurationPlatforms) = preSolution
		Debug|Any CPU = Debug|Any CPU
		Release|Any CPU = Release|Any CPU
	EndGlobalSection
	GlobalSection(ProjectConfigurationPlatforms) = postSolution
		{FC706202-1F99-4643-8092-DDC2D743CFB2}.Debug|Any CPU.ActiveCfg = Debug|Any CPU
		{FC706202-1F99-4643-8092-DDC2D743CFB2}.Debug|Any CPU.Build.0 = Debug|Any CPU
		{FC706202-1F99-4643-8092-DDC2D743CFB2}.Release|Any CPU.ActiveCfg = Release|Any CPU
		{FC706202-1F99-4643-8092-DDC2D743CFB2}.Release|Any CPU.Build.0 = Release|Any CPU
		{A508A728-5BBF-4AF5-A60E-791E6F223484}.Debug|Any CPU.ActiveCfg = Debug|Any CPU
		{A508A728-5BBF-4AF5-A60E-791E6F223484}.Debug|Any CPU.Build.0 = Debug|Any CPU
		{A508A728-5BBF-4AF5-A60E-791E6F223484}.Release|Any CPU.ActiveCfg = Release|Any CPU
		{A508A728-5BBF-4AF5-A60E-791E6F223484}.Release|Any CPU.Build.0 = Release|Any CPU
	EndGlobalSection
	GlobalSection(SolutionProperties) = preSolution
		HideSolutionNode = FALSE
	EndGlobalSection
	GlobalSection(ExtensibilityGlobals) = postSolution
		SolutionGuid = {4698ED46-3A90-48CC-A2E4-8798EE55E570}
	EndGlobalSection
EndGlobal
