
Microsoft Visual Studio Solution File, Format Version 12.00
# Visual Studio Version 16
VisualStudioVersion = 16.0.32002.261
MinimumVisualStudioVersion = 10.0.40219.1
Project("{FAE04EC0-301F-11D3-BF4B-00C04F79EFBC}") = "MemberJWTDemo", "MemberJWTDemo.csproj", "{E88CF9E2-7DF1-4E88-8647-C16F9FBF7BC5}"
EndProject
Global
	GlobalSection(SolutionConfigurationPlatforms) = preSolution
		Debug|Any CPU = Debug|Any CPU
		Release|Any CPU = Release|Any CPU
	EndGlobalSection
	GlobalSection(ProjectConfigurationPlatforms) = postSolution
		{E88CF9E2-7DF1-4E88-8647-C16F9FBF7BC5}.Debug|Any CPU.ActiveCfg = Debug|Any CPU
		{E88CF9E2-7DF1-4E88-8647-C16F9FBF7BC5}.Debug|Any CPU.Build.0 = Debug|Any CPU
		{E88CF9E2-7DF1-4E88-8647-C16F9FBF7BC5}.Release|Any CPU.ActiveCfg = Release|Any CPU
		{E88CF9E2-7DF1-4E88-8647-C16F9FBF7BC5}.Release|Any CPU.Build.0 = Release|Any CPU
	EndGlobalSection
	GlobalSection(SolutionProperties) = preSolution
		HideSolutionNode = FALSE
	EndGlobalSection
	GlobalSection(ExtensibilityGlobals) = postSolution
		SolutionGuid = {68B7AAC3-D012-4AD2-8766-7BC00A21503F}
	EndGlobalSection
EndGlobal
