
Microsoft Visual Studio Solution File, Format Version 12.00
# Visual Studio Version 16
VisualStudioVersion = 16.0.32002.261
MinimumVisualStudioVersion = 10.0.40219.1
Project("{FAE04EC0-301F-11D3-BF4B-00C04F79EFBC}") = "LoginRegisterAPI", "LoginRegisterAPI.csproj", "{BE5C1FBF-5703-4550-8019-6AB3F41A1A67}"
EndProject
Project("{FAE04EC0-301F-11D3-BF4B-00C04F79EFBC}") = "connection_loginRegister", "..\connection_loginRegister\connection_loginRegister.csproj", "{859EEEA8-36DB-4BD9-982F-BE4280849169}"
EndProject
Global
	GlobalSection(SolutionConfigurationPlatforms) = preSolution
		Debug|Any CPU = Debug|Any CPU
		Release|Any CPU = Release|Any CPU
	EndGlobalSection
	GlobalSection(ProjectConfigurationPlatforms) = postSolution
		{BE5C1FBF-5703-4550-8019-6AB3F41A1A67}.Debug|Any CPU.ActiveCfg = Debug|Any CPU
		{BE5C1FBF-5703-4550-8019-6AB3F41A1A67}.Debug|Any CPU.Build.0 = Debug|Any CPU
		{BE5C1FBF-5703-4550-8019-6AB3F41A1A67}.Release|Any CPU.ActiveCfg = Release|Any CPU
		{BE5C1FBF-5703-4550-8019-6AB3F41A1A67}.Release|Any CPU.Build.0 = Release|Any CPU
		{859EEEA8-36DB-4BD9-982F-BE4280849169}.Debug|Any CPU.ActiveCfg = Debug|Any CPU
		{859EEEA8-36DB-4BD9-982F-BE4280849169}.Debug|Any CPU.Build.0 = Debug|Any CPU
		{859EEEA8-36DB-4BD9-982F-BE4280849169}.Release|Any CPU.ActiveCfg = Release|Any CPU
		{859EEEA8-36DB-4BD9-982F-BE4280849169}.Release|Any CPU.Build.0 = Release|Any CPU
	EndGlobalSection
	GlobalSection(SolutionProperties) = preSolution
		HideSolutionNode = FALSE
	EndGlobalSection
	GlobalSection(ExtensibilityGlobals) = postSolution
		SolutionGuid = {4B0D0554-6583-486F-86F3-6561F21AE6BF}
	EndGlobalSection
EndGlobal
